{
  "http://localhost:3000/assets/video/bg-hero-video.mp4": { "integrity": "sha512-YbbioVC92UXlWfGiC6gojAiBeE+l4ckAdovvF9mtx6P+XxP2PIE68H+lWHyvMuIKyXS0UvLP5ymYBwh02UJ0Yw==", "contentType": "video/mp4" },
  "https://res.cloudinary.com/deuvbiekl/video/upload/v1747050218/desk_bgzsdy.mp4": { "integrity": "sha512-YbbioVC92UXlWfGiC6gojAiBeE+l4ckAdovvF9mtx6P+XxP2PIE68H+lWHyvMuIKyXS0UvLP5ymYBwh02UJ0Yw==", "contentType": "video/mp4;codecs=avc1" },
  "https://res.cloudinary.com/deuvbiekl/video/upload/v1747050640/1_sngfk4.mp4": { "integrity": "sha512-14HGDbhzNPl3Y4QaFRAeVVl9aCWA7vNHtTW6wckMIaRDHmPF3dZRZyJNEE/68spEqZRXFYHyKfch5balm8ZRnw==", "contentType": "video/mp4;codecs=avc1" },
  "version": 1
}
